{
  "requires": true,
  "lockfileVersion": 1,
  "dependencies": {
    "@vx/curve": {
      "version": "0.0.165",
      "resolved": "https://registry.npmjs.org/@vx/curve/-/curve-0.0.165.tgz",
      "integrity": "sha512-fiQAGrKNGjJbL+eixUckJqIZDWXH/1NtIyyDbSz3J7ksk0QpYr5BgWcNJN76HLNt7wfcLwNzCHeNs4iVYyFGTg==",
      "requires": {
        "d3-shape": "^1.0.6"
      }
    },
    "@vx/group": {
      "version": "0.0.170",
      "resolved": "https://registry.npmjs.org/@vx/group/-/group-0.0.170.tgz",
      "integrity": "sha512-RnDdRoy0YI5hokk+YWXc8t39Kp51i4BdCpiwkDJU4YypGycTYnDFjicam6jigUmZ/6wyMirDf/aQboWviFLt2Q==",
      "requires": {
        "classnames": "^2.2.5"
      }
    },
    "@vx/mock-data": {
      "version": "0.0.179",
      "resolved": "https://registry.npmjs.org/@vx/mock-data/-/mock-data-0.0.179.tgz",
      "integrity": "sha512-+qoGCJjqeYifQi/wfRU+0DcTwZe51zZEbrfVfxCNdPWcmaMn6iTaGDIMHiQ/SgN1iSYHFMvaHFLWC2o5PHZPrw==",
      "requires": {
        "d3-random": "^1.0.3"
      }
    },
    "@vx/point": {
      "version": "0.0.165",
      "resolved": "https://registry.npmjs.org/@vx/point/-/point-0.0.165.tgz",
      "integrity": "sha512-spoHilhjcWNgccrSzBUPw+PXV81tYxeyEWBkgr35aGVU4m7YT86Ywvfemwp7AVVGPn+XJHrhB0ujAhDoyqFPoA=="
    },
    "@vx/scale": {
      "version": "0.0.179",
      "resolved": "https://registry.npmjs.org/@vx/scale/-/scale-0.0.179.tgz",
      "integrity": "sha512-j40WiGu4VcHZdaSQAl12ig2w5c4Q9EVn7qqYf9PX7uoS5PbxRYNnHeKZ7e5Bf8O6b57iv5jFTfUV7HkpNF4vvg==",
      "requires": {
        "d3-scale": "^2.0.0"
      }
    },
    "@vx/shape": {
      "version": "0.0.179",
      "resolved": "https://registry.npmjs.org/@vx/shape/-/shape-0.0.179.tgz",
      "integrity": "sha512-YHVNx4xGpbjolkW3Lb5pEgJB0+u349vfnLI976DJlinY0hRNa4TZbWXOB4ywLIrYzQEXXPMUR8WtdubNxg6g0w==",
      "requires": {
        "@vx/curve": "0.0.165",
        "@vx/group": "0.0.170",
        "@vx/point": "0.0.165",
        "classnames": "^2.2.5",
        "d3-path": "^1.0.5",
        "d3-shape": "^1.2.0",
        "prop-types": "^15.5.10"
      }
    },
    "classnames": {
      "version": "2.2.6",
      "resolved": "https://registry.npmjs.org/classnames/-/classnames-2.2.6.tgz",
      "integrity": "sha512-JR/iSQOSt+LQIWwrwEzJ9uk0xfN3mTVYMwt1Ir5mUcSN6pU+V4zQFFaJsclJbPuAUQH+yfWef6tm7l1quW3C8Q=="
    },
    "d3-array": {
      "version": "1.3.0",
      "resolved": "https://registry.npmjs.org/d3-array/-/d3-array-1.3.0.tgz",
      "integrity": "sha512-sYnoRYS34oCKYqwRLPUhk3XVgvDvjJ6xlgHJT/9ufvhaewr2pwB8hEAAVVC7G2lzfIQxtI/oymjO0JxMr1OANw=="
    },
    "d3-collection": {
      "version": "1.0.7",
      "resolved": "https://registry.npmjs.org/d3-collection/-/d3-collection-1.0.7.tgz",
      "integrity": "sha512-ii0/r5f4sjKNTfh84Di+DpztYwqKhEyUlKoPrzUFfeSkWxjW49xU2QzO9qrPrNkpdI0XJkfzvmTu8V2Zylln6A=="
    },
    "d3-color": {
      "version": "1.2.3",
      "resolved": "https://registry.npmjs.org/d3-color/-/d3-color-1.2.3.tgz",
      "integrity": "sha512-x37qq3ChOTLd26hnps36lexMRhNXEtVxZ4B25rL0DVdDsGQIJGB18S7y9XDwlDD6MD/ZBzITCf4JjGMM10TZkw=="
    },
    "d3-format": {
      "version": "1.3.2",
      "resolved": "https://registry.npmjs.org/d3-format/-/d3-format-1.3.2.tgz",
      "integrity": "sha512-Z18Dprj96ExragQ0DeGi+SYPQ7pPfRMtUXtsg/ChVIKNBCzjO8XYJvRTC1usblx52lqge56V5ect+frYTQc8WQ=="
    },
    "d3-interpolate": {
      "version": "1.3.2",
      "resolved": "https://registry.npmjs.org/d3-interpolate/-/d3-interpolate-1.3.2.tgz",
      "integrity": "sha512-NlNKGopqaz9qM1PXh9gBF1KSCVh+jSFErrSlD/4hybwoNX/gt1d8CDbDW+3i+5UOHhjC6s6nMvRxcuoMVNgL2w==",
      "requires": {
        "d3-color": "1"
      }
    },
    "d3-path": {
      "version": "1.0.7",
      "resolved": "https://registry.npmjs.org/d3-path/-/d3-path-1.0.7.tgz",
      "integrity": "sha512-q0cW1RpvA5c5ma2rch62mX8AYaiLX0+bdaSM2wxSU9tXjU4DNvkx9qiUvjkuWCj3p22UO/hlPivujqMiR9PDzA=="
    },
    "d3-random": {
      "version": "1.1.2",
      "resolved": "https://registry.npmjs.org/d3-random/-/d3-random-1.1.2.tgz",
      "integrity": "sha512-6AK5BNpIFqP+cx/sreKzNjWbwZQCSUatxq+pPRmFIQaWuoD+NrbVWw7YWpHiXpCQ/NanKdtGDuB+VQcZDaEmYQ=="
    },
    "d3-scale": {
      "version": "2.1.2",
      "resolved": "https://registry.npmjs.org/d3-scale/-/d3-scale-2.1.2.tgz",
      "integrity": "sha512-bESpd64ylaKzCDzvULcmHKZTlzA/6DGSVwx7QSDj/EnX9cpSevsdiwdHFYI9ouo9tNBbV3v5xztHS2uFeOzh8Q==",
      "requires": {
        "d3-array": "^1.2.0",
        "d3-collection": "1",
        "d3-format": "1",
        "d3-interpolate": "1",
        "d3-time": "1",
        "d3-time-format": "2"
      }
    },
    "d3-shape": {
      "version": "1.2.2",
      "resolved": "https://registry.npmjs.org/d3-shape/-/d3-shape-1.2.2.tgz",
      "integrity": "sha512-hUGEozlKecFZ2bOSNt7ENex+4Tk9uc/m0TtTEHBvitCBxUNjhzm5hS2GrrVRD/ae4IylSmxGeqX5tWC2rASMlQ==",
      "requires": {
        "d3-path": "1"
      }
    },
    "d3-time": {
      "version": "1.0.10",
      "resolved": "https://registry.npmjs.org/d3-time/-/d3-time-1.0.10.tgz",
      "integrity": "sha512-hF+NTLCaJHF/JqHN5hE8HVGAXPStEq6/omumPE/SxyHVrR7/qQxusFDo0t0c/44+sCGHthC7yNGFZIEgju0P8g=="
    },
    "d3-time-format": {
      "version": "2.1.3",
      "resolved": "https://registry.npmjs.org/d3-time-format/-/d3-time-format-2.1.3.tgz",
      "integrity": "sha512-6k0a2rZryzGm5Ihx+aFMuO1GgelgIz+7HhB4PH4OEndD5q2zGn1mDfRdNrulspOfR6JXkb2sThhDK41CSK85QA==",
      "requires": {
        "d3-time": "1"
      }
    },
    "js-tokens": {
      "version": "4.0.0",
      "resolved": "https://registry.npmjs.org/js-tokens/-/js-tokens-4.0.0.tgz",
      "integrity": "sha512-RdJUflcE3cUzKiMqQgsCu06FPu9UdIJO0beYbPhHN4k6apgJtifcoCtT9bcxOpYBtpD2kCM6Sbzg4CausW/PKQ=="
    },
    "loose-envify": {
      "version": "1.4.0",
      "resolved": "https://registry.npmjs.org/loose-envify/-/loose-envify-1.4.0.tgz",
      "integrity": "sha512-lyuxPGr/Wfhrlem2CL/UcnUc1zcqKAImBDzukY7Y5F/yQiNdko6+fRLevlw1HgMySw7f611UIY408EtxRSoK3Q==",
      "requires": {
        "js-tokens": "^3.0.0 || ^4.0.0"
      }
    },
    "object-assign": {
      "version": "4.1.1",
      "resolved": "https://registry.npmjs.org/object-assign/-/object-assign-4.1.1.tgz",
      "integrity": "sha1-IQmtx5ZYh8/AXLvUQsrIv7s2CGM="
    },
    "prop-types": {
      "version": "15.6.2",
      "resolved": "https://registry.npmjs.org/prop-types/-/prop-types-15.6.2.tgz",
      "integrity": "sha512-3pboPvLiWD7dkI3qf3KbUe6hKFKa52w+AE0VCqECtf+QHAKgOL37tTaNCnuX1nAAQ4ZhyP+kYVKf8rLmJ/feDQ==",
      "requires": {
        "loose-envify": "^1.3.1",
        "object-assign": "^4.1.1"
      }
    }
  }
}
